
Microsoft Visual Studio Solution File, Format Version 12.00
# Visual Studio Version 17
VisualStudioVersion = 17.4.33205.214
MinimumVisualStudioVersion = 10.0.40219.1
Project("{FAE04EC0-301F-11D3-BF4B-00C04F79EFBC}") = "WpfApp_Student", "WpfApp_Student\WpfApp_Student.csproj", "{6C90F784-77FE-4807-94F7-111FC8AEADF7}"
EndProject
Global
	GlobalSection(SolutionConfigurationPlatforms) = preSolution
		Debug|Any CPU = Debug|Any CPU
		Release|Any CPU = Release|Any CPU
	EndGlobalSection
	GlobalSection(ProjectConfigurationPlatforms) = postSolution
		{6C90F784-77FE-4807-94F7-111FC8AEADF7}.Debug|Any CPU.ActiveCfg = Debug|Any CPU
		{6C90F784-77FE-4807-94F7-111FC8AEADF7}.Debug|Any CPU.Build.0 = Debug|Any CPU
		{6C90F784-77FE-4807-94F7-111FC8AEADF7}.Release|Any CPU.ActiveCfg = Release|Any CPU
		{6C90F784-77FE-4807-94F7-111FC8AEADF7}.Release|Any CPU.Build.0 = Release|Any CPU
	EndGlobalSection
	GlobalSection(SolutionProperties) = preSolution
		HideSolutionNode = FALSE
	EndGlobalSection
	GlobalSection(ExtensibilityGlobals) = postSolution
		SolutionGuid = {E264266C-239D-4EA7-94F1-DE5472D50E4E}
	EndGlobalSection
EndGlobal
